
Microsoft Visual Studio Solution File, Format Version 12.00
# Visual Studio 15
VisualStudioVersion = 15.0.28307.421
MinimumVisualStudioVersion = 10.0.40219.1
Project("{9A19103F-16F7-4668-BE54-9A1E7A4F7556}") = "ApiGateway", "src\ApiGateway\ApiGateway.csproj", "{09E968D9-02E5-4372-AF11-60C451BAA0BF}"
EndProject
Project("{2150E333-8FDC-42A3-9474-1A3956D46DE8}") = "src", "src", "{A9753A2B-E7E7-468E-93EC-9E1412DA1237}"
EndProject
Project("{2150E333-8FDC-42A3-9474-1A3956D46DE8}") = "ApiGateways", "ApiGateways", "{DFAE172E-983C-46E4-824A-F7F6878447C8}"
EndProject
Project("{2150E333-8FDC-42A3-9474-1A3956D46DE8}") = "orchestration", "orchestration", "{E1DDCED1-6E9B-491E-9FB5-971F4DD2F2CB}"
EndProject
Project("{9A19103F-16F7-4668-BE54-9A1E7A4F7556}") = "EmployeeManagement.API", "src\orchestration\EmployeeManagement\EmployeeManagement.API.csproj", "{5640517A-BFE1-4A8D-BB69-F40CA554BD13}"
EndProject
Project("{2150E333-8FDC-42A3-9474-1A3956D46DE8}") = "services", "services", "{5B695C77-FB0C-4374-BCA5-AE2A108B4C1A}"
EndProject
Project("{9A19103F-16F7-4668-BE54-9A1E7A4F7556}") = "EmployeeService.API", "src\services\EmployeeService\EmployeeService.API.csproj", "{0094F69A-688D-4D8A-8DD0-5177FE16A858}"
EndProject
Project("{9A19103F-16F7-4668-BE54-9A1E7A4F7556}") = "LeaveService.API", "..\srcsrc\services\LeaveService.API\LeaveService.API.csproj", "{2D420E18-7480-4243-AACD-1B98298D75B2}"
EndProject
Project("{9A19103F-16F7-4668-BE54-9A1E7A4F7556}") = "EmailService.API", "src\services\EmailService.API\EmailService.API.csproj", "{4BB83BAF-C0AC-4C00-954F-61A221F1376E}"
EndProject
Project("{2150E333-8FDC-42A3-9474-1A3956D46DE8}") = "infrastructure", "infrastructure", "{A692AE95-02FF-46A7-B5FB-9A82CE194E68}"
EndProject
Project("{2150E333-8FDC-42A3-9474-1A3956D46DE8}") = "Models", "Models", "{1F51521B-E9DE-4CC0-A8AE-3C7A8A4284F5}"
EndProject
Project("{9A19103F-16F7-4668-BE54-9A1E7A4F7556}") = "management.models", "src\infrastructure\Models\system.models\management.models.csproj", "{5D875CCE-4FD9-48C0-AF1F-38F70744A6DE}"
EndProject
Project("{2150E333-8FDC-42A3-9474-1A3956D46DE8}") = "utils", "utils", "{FE826311-38DE-4ADD-8A16-702874EE2A4E}"
EndProject
Project("{9A19103F-16F7-4668-BE54-9A1E7A4F7556}") = "Helper.Utils", "src\utils\Helper.Utils\Helper.Utils.csproj", "{710A2419-55B6-481A-BB43-CB6441014B69}"
EndProject
Project("{2150E333-8FDC-42A3-9474-1A3956D46DE8}") = "Exceptions", "Exceptions", "{7FB82051-A292-4100-8CA6-D670DCD5A7AE}"
EndProject
Project("{9A19103F-16F7-4668-BE54-9A1E7A4F7556}") = "CustomException", "CustomException\CustomException.csproj", "{1E5A25F7-D8B8-4E82-A5DA-4456B7EDCD3A}"
EndProject
Project("{2150E333-8FDC-42A3-9474-1A3956D46DE8}") = "tests", "tests", "{464C20B2-ABA3-4FD2-AA3E-1ECC613414A9}"
EndProject
Project("{FAE04EC0-301F-11D3-BF4B-00C04F79EFBC}") = "LeaveService.UnitTests", "LeaveService.UnitTests\LeaveService.UnitTests.csproj", "{7D45F4C9-431D-4DB5-9E7E-99B161CE7095}"
EndProject
Global
	GlobalSection(SolutionConfigurationPlatforms) = preSolution
		Debug|Any CPU = Debug|Any CPU
		Release|Any CPU = Release|Any CPU
	EndGlobalSection
	GlobalSection(ProjectConfigurationPlatforms) = postSolution
		{09E968D9-02E5-4372-AF11-60C451BAA0BF}.Debug|Any CPU.ActiveCfg = Debug|Any CPU
		{09E968D9-02E5-4372-AF11-60C451BAA0BF}.Debug|Any CPU.Build.0 = Debug|Any CPU
		{09E968D9-02E5-4372-AF11-60C451BAA0BF}.Release|Any CPU.ActiveCfg = Release|Any CPU
		{09E968D9-02E5-4372-AF11-60C451BAA0BF}.Release|Any CPU.Build.0 = Release|Any CPU
		{5640517A-BFE1-4A8D-BB69-F40CA554BD13}.Debug|Any CPU.ActiveCfg = Debug|Any CPU
		{5640517A-BFE1-4A8D-BB69-F40CA554BD13}.Debug|Any CPU.Build.0 = Debug|Any CPU
		{5640517A-BFE1-4A8D-BB69-F40CA554BD13}.Release|Any CPU.ActiveCfg = Release|Any CPU
		{5640517A-BFE1-4A8D-BB69-F40CA554BD13}.Release|Any CPU.Build.0 = Release|Any CPU
		{0094F69A-688D-4D8A-8DD0-5177FE16A858}.Debug|Any CPU.ActiveCfg = Debug|Any CPU
		{0094F69A-688D-4D8A-8DD0-5177FE16A858}.Debug|Any CPU.Build.0 = Debug|Any CPU
		{0094F69A-688D-4D8A-8DD0-5177FE16A858}.Release|Any CPU.ActiveCfg = Release|Any CPU
		{0094F69A-688D-4D8A-8DD0-5177FE16A858}.Release|Any CPU.Build.0 = Release|Any CPU
		{2D420E18-7480-4243-AACD-1B98298D75B2}.Debug|Any CPU.ActiveCfg = Debug|Any CPU
		{2D420E18-7480-4243-AACD-1B98298D75B2}.Debug|Any CPU.Build.0 = Debug|Any CPU
		{2D420E18-7480-4243-AACD-1B98298D75B2}.Release|Any CPU.ActiveCfg = Release|Any CPU
		{2D420E18-7480-4243-AACD-1B98298D75B2}.Release|Any CPU.Build.0 = Release|Any CPU
		{4BB83BAF-C0AC-4C00-954F-61A221F1376E}.Debug|Any CPU.ActiveCfg = Debug|Any CPU
		{4BB83BAF-C0AC-4C00-954F-61A221F1376E}.Debug|Any CPU.Build.0 = Debug|Any CPU
		{4BB83BAF-C0AC-4C00-954F-61A221F1376E}.Release|Any CPU.ActiveCfg = Release|Any CPU
		{4BB83BAF-C0AC-4C00-954F-61A221F1376E}.Release|Any CPU.Build.0 = Release|Any CPU
		{5D875CCE-4FD9-48C0-AF1F-38F70744A6DE}.Debug|Any CPU.ActiveCfg = Debug|Any CPU
		{5D875CCE-4FD9-48C0-AF1F-38F70744A6DE}.Debug|Any CPU.Build.0 = Debug|Any CPU
		{5D875CCE-4FD9-48C0-AF1F-38F70744A6DE}.Release|Any CPU.ActiveCfg = Release|Any CPU
		{5D875CCE-4FD9-48C0-AF1F-38F70744A6DE}.Release|Any CPU.Build.0 = Release|Any CPU
		{710A2419-55B6-481A-BB43-CB6441014B69}.Debug|Any CPU.ActiveCfg = Debug|Any CPU
		{710A2419-55B6-481A-BB43-CB6441014B69}.Debug|Any CPU.Build.0 = Debug|Any CPU
		{710A2419-55B6-481A-BB43-CB6441014B69}.Release|Any CPU.ActiveCfg = Release|Any CPU
		{710A2419-55B6-481A-BB43-CB6441014B69}.Release|Any CPU.Build.0 = Release|Any CPU
		{1E5A25F7-D8B8-4E82-A5DA-4456B7EDCD3A}.Debug|Any CPU.ActiveCfg = Debug|Any CPU
		{1E5A25F7-D8B8-4E82-A5DA-4456B7EDCD3A}.Debug|Any CPU.Build.0 = Debug|Any CPU
		{1E5A25F7-D8B8-4E82-A5DA-4456B7EDCD3A}.Release|Any CPU.ActiveCfg = Release|Any CPU
		{1E5A25F7-D8B8-4E82-A5DA-4456B7EDCD3A}.Release|Any CPU.Build.0 = Release|Any CPU
		{7D45F4C9-431D-4DB5-9E7E-99B161CE7095}.Debug|Any CPU.ActiveCfg = Debug|Any CPU
		{7D45F4C9-431D-4DB5-9E7E-99B161CE7095}.Debug|Any CPU.Build.0 = Debug|Any CPU
		{7D45F4C9-431D-4DB5-9E7E-99B161CE7095}.Release|Any CPU.ActiveCfg = Release|Any CPU
		{7D45F4C9-431D-4DB5-9E7E-99B161CE7095}.Release|Any CPU.Build.0 = Release|Any CPU
	EndGlobalSection
	GlobalSection(SolutionProperties) = preSolution
		HideSolutionNode = FALSE
	EndGlobalSection
	GlobalSection(NestedProjects) = preSolution
		{09E968D9-02E5-4372-AF11-60C451BAA0BF} = {DFAE172E-983C-46E4-824A-F7F6878447C8}
		{DFAE172E-983C-46E4-824A-F7F6878447C8} = {A9753A2B-E7E7-468E-93EC-9E1412DA1237}
		{E1DDCED1-6E9B-491E-9FB5-971F4DD2F2CB} = {A9753A2B-E7E7-468E-93EC-9E1412DA1237}
		{5640517A-BFE1-4A8D-BB69-F40CA554BD13} = {E1DDCED1-6E9B-491E-9FB5-971F4DD2F2CB}
		{5B695C77-FB0C-4374-BCA5-AE2A108B4C1A} = {A9753A2B-E7E7-468E-93EC-9E1412DA1237}
		{0094F69A-688D-4D8A-8DD0-5177FE16A858} = {5B695C77-FB0C-4374-BCA5-AE2A108B4C1A}
		{2D420E18-7480-4243-AACD-1B98298D75B2} = {5B695C77-FB0C-4374-BCA5-AE2A108B4C1A}
		{4BB83BAF-C0AC-4C00-954F-61A221F1376E} = {5B695C77-FB0C-4374-BCA5-AE2A108B4C1A}
		{A692AE95-02FF-46A7-B5FB-9A82CE194E68} = {A9753A2B-E7E7-468E-93EC-9E1412DA1237}
		{1F51521B-E9DE-4CC0-A8AE-3C7A8A4284F5} = {A692AE95-02FF-46A7-B5FB-9A82CE194E68}
		{5D875CCE-4FD9-48C0-AF1F-38F70744A6DE} = {1F51521B-E9DE-4CC0-A8AE-3C7A8A4284F5}
		{FE826311-38DE-4ADD-8A16-702874EE2A4E} = {A692AE95-02FF-46A7-B5FB-9A82CE194E68}
		{710A2419-55B6-481A-BB43-CB6441014B69} = {FE826311-38DE-4ADD-8A16-702874EE2A4E}
		{7FB82051-A292-4100-8CA6-D670DCD5A7AE} = {A692AE95-02FF-46A7-B5FB-9A82CE194E68}
		{1E5A25F7-D8B8-4E82-A5DA-4456B7EDCD3A} = {7FB82051-A292-4100-8CA6-D670DCD5A7AE}
		{464C20B2-ABA3-4FD2-AA3E-1ECC613414A9} = {5B695C77-FB0C-4374-BCA5-AE2A108B4C1A}
		{7D45F4C9-431D-4DB5-9E7E-99B161CE7095} = {464C20B2-ABA3-4FD2-AA3E-1ECC613414A9}
	EndGlobalSection
	GlobalSection(ExtensibilityGlobals) = postSolution
		SolutionGuid = {05594694-131B-4E28-83CB-7F12D7401878}
	EndGlobalSection
EndGlobal
